
Microsoft Visual Studio Solution File, Format Version 12.00
# Visual Studio Version 16
VisualStudioVersion = 16.0.30011.22
MinimumVisualStudioVersion = 10.0.40219.1
Project("{FAE04EC0-301F-11D3-BF4B-00C04F79EFBC}") = "Tutorial.Web", "Tutorial.Web\Tutorial.Web.csproj", "{20225DA0-A031-4EA0-8953-3EADABBC4A62}"
EndProject
Global
	GlobalSection(SolutionConfigurationPlatforms) = preSolution
		Debug|Any CPU = Debug|Any CPU
		Release|Any CPU = Release|Any CPU
	EndGlobalSection
	GlobalSection(ProjectConfigurationPlatforms) = postSolution
		{20225DA0-A031-4EA0-8953-3EADABBC4A62}.Debug|Any CPU.ActiveCfg = Debug|Any CPU
		{20225DA0-A031-4EA0-8953-3EADABBC4A62}.Debug|Any CPU.Build.0 = Debug|Any CPU
		{20225DA0-A031-4EA0-8953-3EADABBC4A62}.Release|Any CPU.ActiveCfg = Release|Any CPU
		{20225DA0-A031-4EA0-8953-3EADABBC4A62}.Release|Any CPU.Build.0 = Release|Any CPU
	EndGlobalSection
	GlobalSection(SolutionProperties) = preSolution
		HideSolutionNode = FALSE
	EndGlobalSection
	GlobalSection(ExtensibilityGlobals) = postSolution
		SolutionGuid = {0C4D624A-8A71-490E-87D2-7DA8F42E68CF}
	EndGlobalSection
EndGlobal
